
Microsoft Visual Studio Solution File, Format Version 12.00
# Visual Studio Version 17
VisualStudioVersion = 17.4.33110.190
MinimumVisualStudioVersion = 10.0.40219.1
Project("{FAE04EC0-301F-11D3-BF4B-00C04F79EFBC}") = "FilesConverter", "FilesConverter\FilesConverter.csproj", "{7A7B3016-7485-4CB6-98BA-96A9D1AF1331}"
EndProject
Global
	GlobalSection(SolutionConfigurationPlatforms) = preSolution
		Debug|Any CPU = Debug|Any CPU
		Release|Any CPU = Release|Any CPU
	EndGlobalSection
	GlobalSection(ProjectConfigurationPlatforms) = postSolution
		{7A7B3016-7485-4CB6-98BA-96A9D1AF1331}.Debug|Any CPU.ActiveCfg = Debug|Any CPU
		{7A7B3016-7485-4CB6-98BA-96A9D1AF1331}.Debug|Any CPU.Build.0 = Debug|Any CPU
		{7A7B3016-7485-4CB6-98BA-96A9D1AF1331}.Release|Any CPU.ActiveCfg = Release|Any CPU
		{7A7B3016-7485-4CB6-98BA-96A9D1AF1331}.Release|Any CPU.Build.0 = Release|Any CPU
	EndGlobalSection
	GlobalSection(SolutionProperties) = preSolution
		HideSolutionNode = FALSE
	EndGlobalSection
	GlobalSection(ExtensibilityGlobals) = postSolution
		SolutionGuid = {EBC62F32-03C4-466F-B46F-4DB2219812C6}
	EndGlobalSection
EndGlobal
